
Microsoft Visual Studio Solution File, Format Version 12.00
# Visual Studio 15
VisualStudioVersion = 15.0.28307.539
MinimumVisualStudioVersion = 10.0.40219.1
Project("{FAE04EC0-301F-11D3-BF4B-00C04F79EFBC}") = "TRPO_curse_DB", "TRPO_curse_DB.csproj", "{2E37F375-039B-4CED-A668-D124350126DA}"
EndProject
Global
	GlobalSection(SolutionConfigurationPlatforms) = preSolution
		Debug|Any CPU = Debug|Any CPU
		Release|Any CPU = Release|Any CPU
	EndGlobalSection
	GlobalSection(ProjectConfigurationPlatforms) = postSolution
		{2E37F375-039B-4CED-A668-D124350126DA}.Debug|Any CPU.ActiveCfg = Debug|Any CPU
		{2E37F375-039B-4CED-A668-D124350126DA}.Debug|Any CPU.Build.0 = Debug|Any CPU
		{2E37F375-039B-4CED-A668-D124350126DA}.Release|Any CPU.ActiveCfg = Release|Any CPU
		{2E37F375-039B-4CED-A668-D124350126DA}.Release|Any CPU.Build.0 = Release|Any CPU
	EndGlobalSection
	GlobalSection(SolutionProperties) = preSolution
		HideSolutionNode = FALSE
	EndGlobalSection
	GlobalSection(ExtensibilityGlobals) = postSolution
		SolutionGuid = {3C0DF922-58EA-42BE-8E62-46E15316BE57}
	EndGlobalSection
EndGlobal
